
Microsoft Visual Studio Solution File, Format Version 12.00
# Visual Studio Version 17
VisualStudioVersion = 17.2.32317.152
MinimumVisualStudioVersion = 10.0.40219.1
Project("{9A19103F-16F7-4668-BE54-9A1E7A4F7556}") = "KeyOverlay", "KeyOverlay\KeyOverlay.csproj", "{518C535D-8128-426F-966D-9B289BD4E97E}"
EndProject
Project("{9A19103F-16F7-4668-BE54-9A1E7A4F7556}") = "ConfigHelper", "ConfigHelper\ConfigHelper.csproj", "{BC36145E-D2BF-4DAA-875B-A2186DCFCE24}"
EndProject
Project("{9A19103F-16F7-4668-BE54-9A1E7A4F7556}") = "KeyOverlay2", "KeyOverlay2\KeyOverlay2.csproj", "{E220A128-801D-42D8-A06A-E129026D71D7}"
EndProject
Project("{9A19103F-16F7-4668-BE54-9A1E7A4F7556}") = "GitHelper", "GitHelper\GitHelper.csproj", "{DD2EB901-8FD8-4056-9AA8-A623F1A13203}"
EndProject
Global
	GlobalSection(SolutionConfigurationPlatforms) = preSolution
		Debug|Any CPU = Debug|Any CPU
		Release|Any CPU = Release|Any CPU
	EndGlobalSection
	GlobalSection(ProjectConfigurationPlatforms) = postSolution
		{518C535D-8128-426F-966D-9B289BD4E97E}.Debug|Any CPU.ActiveCfg = Debug|Any CPU
		{518C535D-8128-426F-966D-9B289BD4E97E}.Debug|Any CPU.Build.0 = Debug|Any CPU
		{518C535D-8128-426F-966D-9B289BD4E97E}.Release|Any CPU.ActiveCfg = Release|Any CPU
		{518C535D-8128-426F-966D-9B289BD4E97E}.Release|Any CPU.Build.0 = Release|Any CPU
		{BC36145E-D2BF-4DAA-875B-A2186DCFCE24}.Debug|Any CPU.ActiveCfg = Debug|Any CPU
		{BC36145E-D2BF-4DAA-875B-A2186DCFCE24}.Debug|Any CPU.Build.0 = Debug|Any CPU
		{BC36145E-D2BF-4DAA-875B-A2186DCFCE24}.Release|Any CPU.ActiveCfg = Release|Any CPU
		{BC36145E-D2BF-4DAA-875B-A2186DCFCE24}.Release|Any CPU.Build.0 = Release|Any CPU
		{E220A128-801D-42D8-A06A-E129026D71D7}.Debug|Any CPU.ActiveCfg = Debug|Any CPU
		{E220A128-801D-42D8-A06A-E129026D71D7}.Debug|Any CPU.Build.0 = Debug|Any CPU
		{E220A128-801D-42D8-A06A-E129026D71D7}.Release|Any CPU.ActiveCfg = Release|Any CPU
		{E220A128-801D-42D8-A06A-E129026D71D7}.Release|Any CPU.Build.0 = Release|Any CPU
		{DD2EB901-8FD8-4056-9AA8-A623F1A13203}.Debug|Any CPU.ActiveCfg = Debug|Any CPU
		{DD2EB901-8FD8-4056-9AA8-A623F1A13203}.Debug|Any CPU.Build.0 = Debug|Any CPU
		{DD2EB901-8FD8-4056-9AA8-A623F1A13203}.Release|Any CPU.ActiveCfg = Release|Any CPU
		{DD2EB901-8FD8-4056-9AA8-A623F1A13203}.Release|Any CPU.Build.0 = Release|Any CPU
	EndGlobalSection
	GlobalSection(SolutionProperties) = preSolution
		HideSolutionNode = FALSE
	EndGlobalSection
	GlobalSection(ExtensibilityGlobals) = postSolution
		SolutionGuid = {82CD21A6-5FD5-44DF-AAFC-766C9770F2F3}
	EndGlobalSection
EndGlobal
